
Microsoft Visual Studio Solution File, Format Version 12.00
# Visual Studio Version 16
VisualStudioVersion = 16.0.32106.194
MinimumVisualStudioVersion = 10.0.40219.1
Project("{FAE04EC0-301F-11D3-BF4B-00C04F79EFBC}") = "DiceTRoller", "DiceTRoller\DiceTRoller.csproj", "{7E4234B6-0AD2-4BE4-A2B3-E3C70D4A72B8}"
EndProject
Global
	GlobalSection(SolutionConfigurationPlatforms) = preSolution
		Debug|Any CPU = Debug|Any CPU
		Release|Any CPU = Release|Any CPU
	EndGlobalSection
	GlobalSection(ProjectConfigurationPlatforms) = postSolution
		{7E4234B6-0AD2-4BE4-A2B3-E3C70D4A72B8}.Debug|Any CPU.ActiveCfg = Debug|Any CPU
		{7E4234B6-0AD2-4BE4-A2B3-E3C70D4A72B8}.Debug|Any CPU.Build.0 = Debug|Any CPU
		{7E4234B6-0AD2-4BE4-A2B3-E3C70D4A72B8}.Release|Any CPU.ActiveCfg = Release|Any CPU
		{7E4234B6-0AD2-4BE4-A2B3-E3C70D4A72B8}.Release|Any CPU.Build.0 = Release|Any CPU
	EndGlobalSection
	GlobalSection(SolutionProperties) = preSolution
		HideSolutionNode = FALSE
	EndGlobalSection
	GlobalSection(ExtensibilityGlobals) = postSolution
		SolutionGuid = {EF40F06C-813C-45F2-AE6D-881EA18D8141}
	EndGlobalSection
EndGlobal
